// !$*UTF8*$!
{
	archiveVersion = 1;
	classes = {
	};
	objectVersion = 48;
	objects = {

/* Begin PBXBuildFile section */
		EF15238E1FFF182000ADAD1F /* AppDelegate.swift in Sources */ = {isa = PBXBuildFile; fileRef = EF15238D1FFF182000ADAD1F /* AppDelegate.swift */; };
		EF1523931FFF182000ADAD1F /* Main.storyboard in Resources */ = {isa = PBXBuildFile; fileRef = EF1523911FFF182000ADAD1F /* Main.storyboard */; };
		EF1523951FFF182000ADAD1F /* Assets.xcassets in Resources */ = {isa = PBXBuildFile; fileRef = EF1523941FFF182000ADAD1F /* Assets.xcassets */; };
		EF1523981FFF182000ADAD1F /* LaunchScreen.storyboard in Resources */ = {isa = PBXBuildFile; fileRef = EF1523961FFF182000ADAD1F /* LaunchScreen.storyboard */; };
		EF1523A220006FE300ADAD1F /* TodayTableVC.swift in Sources */ = {isa = PBXBuildFile; fileRef = EF1523A120006FE300ADAD1F /* TodayTableVC.swift */; };
		EF1523A62000706900ADAD1F /* GamesTabTableVC.swift in Sources */ = {isa = PBXBuildFile; fileRef = EF1523A52000706900ADAD1F /* GamesTabTableVC.swift */; };
		EF1523A9200070AE00ADAD1F /* AppsTabTableVC.swift in Sources */ = {isa = PBXBuildFile; fileRef = EF1523A8200070AE00ADAD1F /* AppsTabTableVC.swift */; };
		EF1523AC200070F800ADAD1F /* UpdatesTableVC.swift in Sources */ = {isa = PBXBuildFile; fileRef = EF1523AB200070F800ADAD1F /* UpdatesTableVC.swift */; };
		EF1523AF2000711F00ADAD1F /* SearchTableVC.swift in Sources */ = {isa = PBXBuildFile; fileRef = EF1523AE2000711F00ADAD1F /* SearchTableVC.swift */; };
		EF1523B2200073D600ADAD1F /* Today.storyboard in Resources */ = {isa = PBXBuildFile; fileRef = EF1523B0200073D600ADAD1F /* Today.storyboard */; };
		EF1523B4200074CE00ADAD1F /* Games.storyboard in Resources */ = {isa = PBXBuildFile; fileRef = EF1523B3200074CE00ADAD1F /* Games.storyboard */; };
		EF1523B72000752700ADAD1F /* Apps.storyboard in Resources */ = {isa = PBXBuildFile; fileRef = EF1523B52000752700ADAD1F /* Apps.storyboard */; };
		EF1523B92000756900ADAD1F /* Updates.storyboard in Resources */ = {isa = PBXBuildFile; fileRef = EF1523B82000756900ADAD1F /* Updates.storyboard */; };
		EF1523BC2000759500ADAD1F /* Search.storyboard in Resources */ = {isa = PBXBuildFile; fileRef = EF1523BA2000759500ADAD1F /* Search.storyboard */; };
		EF1523BE2001C57200ADAD1F /* App.swift in Sources */ = {isa = PBXBuildFile; fileRef = EF1523BD2001C57200ADAD1F /* App.swift */; };
		EF168AA7200C64CF0045BF60 /* DateHeaderView.xib in Resources */ = {isa = PBXBuildFile; fileRef = EF168AA6200C64CF0045BF60 /* DateHeaderView.xib */; };
		EF168AA9200C654F0045BF60 /* DateHeaderView.swift in Sources */ = {isa = PBXBuildFile; fileRef = EF168AA8200C654F0045BF60 /* DateHeaderView.swift */; };
		EF168AAB200C78430045BF60 /* GameStyleOneTableViewCell.swift in Sources */ = {isa = PBXBuildFile; fileRef = EF168AAA200C78430045BF60 /* GameStyleOneTableViewCell.swift */; };
		EF168AAD200CDB3E0045BF60 /* CollectionCells.swift in Sources */ = {isa = PBXBuildFile; fileRef = EF168AAC200CDB3E0045BF60 /* CollectionCells.swift */; };
		EF168AB0200CDBF50045BF60 /* GamesStyleOneCollectionViewCell.swift in Sources */ = {isa = PBXBuildFile; fileRef = EF168AAF200CDBF50045BF60 /* GamesStyleOneCollectionViewCell.swift */; };
		EF168AB3200DF1340045BF60 /* GameHeaderView.swift in Sources */ = {isa = PBXBuildFile; fileRef = EF168AB2200DF1340045BF60 /* GameHeaderView.swift */; };
		EF168AB5200DF17F0045BF60 /* GameHeaderView.xib in Resources */ = {isa = PBXBuildFile; fileRef = EF168AB4200DF17F0045BF60 /* GameHeaderView.xib */; };
		EF168ABF200E012F0045BF60 /* GameStyleTwoTableViewCell.swift in Sources */ = {isa = PBXBuildFile; fileRef = EF168ABE200E012F0045BF60 /* GameStyleTwoTableViewCell.swift */; };
		EF168AC4200E76580045BF60 /* GameStyleTwoCollectionViewCell.swift in Sources */ = {isa = PBXBuildFile; fileRef = EF168AC3200E76580045BF60 /* GameStyleTwoCollectionViewCell.swift */; };
		EF168AC6200E7F450045BF60 /* GameStyleTwoCollectionTableViewCell.swift in Sources */ = {isa = PBXBuildFile; fileRef = EF168AC5200E7F450045BF60 /* GameStyleTwoCollectionTableViewCell.swift */; };
		EF168AC8200EA94C0045BF60 /* GameHeaderTitleOne.swift in Sources */ = {isa = PBXBuildFile; fileRef = EF168AC7200EA94C0045BF60 /* GameHeaderTitleOne.swift */; };
		EF168ACA200EA96F0045BF60 /* GameHeaderTitleOne.xib in Resources */ = {isa = PBXBuildFile; fileRef = EF168AC9200EA96F0045BF60 /* GameHeaderTitleOne.xib */; };
		EF168ACD200EC2C90045BF60 /* GameStyleThreeTableViewCell.swift in Sources */ = {isa = PBXBuildFile; fileRef = EF168ACC200EC2C90045BF60 /* GameStyleThreeTableViewCell.swift */; };
		EF168ACF200EC5110045BF60 /* GameStyleThreeCollectionViewCell.swift in Sources */ = {isa = PBXBuildFile; fileRef = EF168ACE200EC5110045BF60 /* GameStyleThreeCollectionViewCell.swift */; };
		EF168AD1200EC7630045BF60 /* GameStyleThreeCollectionTableViewCell.swift in Sources */ = {isa = PBXBuildFile; fileRef = EF168AD0200EC7630045BF60 /* GameStyleThreeCollectionTableViewCell.swift */; };
		EF168AD4200EEB800045BF60 /* GameStyleFourTableViewCell.swift in Sources */ = {isa = PBXBuildFile; fileRef = EF168AD3200EEB800045BF60 /* GameStyleFourTableViewCell.swift */; };
		EF168AD6200EECCF0045BF60 /* GameStyleFourCollectionViewCell.swift in Sources */ = {isa = PBXBuildFile; fileRef = EF168AD5200EECCF0045BF60 /* GameStyleFourCollectionViewCell.swift */; };
		EF168AD9200F67600045BF60 /* GameStyleFiveTableViewCell.swift in Sources */ = {isa = PBXBuildFile; fileRef = EF168AD8200F67600045BF60 /* GameStyleFiveTableViewCell.swift */; };
		EF168ADB200F71BE0045BF60 /* GameStyleFiveInnerTableViewCell.swift in Sources */ = {isa = PBXBuildFile; fileRef = EF168ADA200F71BE0045BF60 /* GameStyleFiveInnerTableViewCell.swift */; };
		EF168ADF200FA7950045BF60 /* HeaderSytleOneTableVC.swift in Sources */ = {isa = PBXBuildFile; fileRef = EF168ADE200FA7950045BF60 /* HeaderSytleOneTableVC.swift */; };
		EF168AE1200FA89D0045BF60 /* HeaderStyleOneTableViewCell.swift in Sources */ = {isa = PBXBuildFile; fileRef = EF168AE0200FA89D0045BF60 /* HeaderStyleOneTableViewCell.swift */; };
		EF168AE4201052A10045BF60 /* HeaderStyleTwoVC.swift in Sources */ = {isa = PBXBuildFile; fileRef = EF168AE3201052A10045BF60 /* HeaderStyleTwoVC.swift */; };
		EF168B052011F0780045BF60 /* SearchHeaderView.xib in Resources */ = {isa = PBXBuildFile; fileRef = EF168B042011F0780045BF60 /* SearchHeaderView.xib */; };
		EF168B072011F08B0045BF60 /* SearchHeaderView.swift in Sources */ = {isa = PBXBuildFile; fileRef = EF168B062011F08B0045BF60 /* SearchHeaderView.swift */; };
		EF168B092011F5490045BF60 /* SearchTableViewCell.swift in Sources */ = {isa = PBXBuildFile; fileRef = EF168B082011F5490045BF60 /* SearchTableViewCell.swift */; };
		EF168B0D201205DF0045BF60 /* SearchStyleOneTableViewCell.swift in Sources */ = {isa = PBXBuildFile; fileRef = EF168B0C201205DF0045BF60 /* SearchStyleOneTableViewCell.swift */; };
		EF168B0F201209490045BF60 /* SearchStyleTwoTableViewCell.swift in Sources */ = {isa = PBXBuildFile; fileRef = EF168B0E201209490045BF60 /* SearchStyleTwoTableViewCell.swift */; };
		EF168B1220120B060045BF60 /* SearchStyleThreeTableViewCell.swift in Sources */ = {isa = PBXBuildFile; fileRef = EF168B1120120B060045BF60 /* SearchStyleThreeTableViewCell.swift */; };
		EF168B152012393D0045BF60 /* UpdateHeaderView.xib in Resources */ = {isa = PBXBuildFile; fileRef = EF168B142012393D0045BF60 /* UpdateHeaderView.xib */; };
		EF168B17201240320045BF60 /* UpdateTableViewCell.swift in Sources */ = {isa = PBXBuildFile; fileRef = EF168B16201240320045BF60 /* UpdateTableViewCell.swift */; };
		EF3134A02018DD1A00E73D41 /* AppDetailOpenTableViewController.swift in Sources */ = {isa = PBXBuildFile; fileRef = EF31349F2018DD1A00E73D41 /* AppDetailOpenTableViewController.swift */; };
		EF3134A22018E88900E73D41 /* DetailOpenCells.swift in Sources */ = {isa = PBXBuildFile; fileRef = EF3134A12018E88900E73D41 /* DetailOpenCells.swift */; };
		EF3134A52018E9BB00E73D41 /* TopTableViewCell.swift in Sources */ = {isa = PBXBuildFile; fileRef = EF3134A42018E9BB00E73D41 /* TopTableViewCell.swift */; };
		EF3134AA2018FE0F00E73D41 /* WhatsNewTableViewCell.swift in Sources */ = {isa = PBXBuildFile; fileRef = EF3134A92018FE0F00E73D41 /* WhatsNewTableViewCell.swift */; };
		EF3134AD2019410B00E73D41 /* PreviewTableViewCell.swift in Sources */ = {isa = PBXBuildFile; fileRef = EF3134AC2019410B00E73D41 /* PreviewTableViewCell.swift */; };
		EF3134AF2019464B00E73D41 /* PreviewCollectionViewCell.swift in Sources */ = {isa = PBXBuildFile; fileRef = EF3134AE2019464B00E73D41 /* PreviewCollectionViewCell.swift */; };
		EF35F80720163AAA00F77A06 /* GameStyleSevenInnerTableViewCell.swift in Sources */ = {isa = PBXBuildFile; fileRef = EF35F80620163AAA00F77A06 /* GameStyleSevenInnerTableViewCell.swift */; };
		EF35F80920163E3900F77A06 /* GameStyleSevenInnerTableViewCellTWO.swift in Sources */ = {isa = PBXBuildFile; fileRef = EF35F80820163E3900F77A06 /* GameStyleSevenInnerTableViewCellTWO.swift */; };
		EF35F80B201645F200F77A06 /* GameStyleSevenInnerTableViewCellTHREE.swift in Sources */ = {isa = PBXBuildFile; fileRef = EF35F80A201645F200F77A06 /* GameStyleSevenInnerTableViewCellTHREE.swift */; };
		EF3D753A2007BFC000DD7B86 /* Apps.swift in Sources */ = {isa = PBXBuildFile; fileRef = EF3D75392007BFC000DD7B86 /* Apps.swift */; };
		EF3D753D2007C27600DD7B86 /* data.json in Resources */ = {isa = PBXBuildFile; fileRef = EF3D753C2007C27600DD7B86 /* data.json */; };
		EF3D753F2007CAA600DD7B86 /* TodayTableViewCell.swift in Sources */ = {isa = PBXBuildFile; fileRef = EF3D753E2007CAA600DD7B86 /* TodayTableViewCell.swift */; };
		EF3D75422007CAEA00DD7B86 /* Cells.swift in Sources */ = {isa = PBXBuildFile; fileRef = EF3D75412007CAEA00DD7B86 /* Cells.swift */; };
		EF3D75442007CB3400DD7B86 /* Segues.swift in Sources */ = {isa = PBXBuildFile; fileRef = EF3D75432007CB3400DD7B86 /* Segues.swift */; };
		EF3D75472007CE2000DD7B86 /* DateHomeHeaderView.xib in Resources */ = {isa = PBXBuildFile; fileRef = EF3D75462007CE2000DD7B86 /* DateHomeHeaderView.xib */; };
		EF3D75492007CE3400DD7B86 /* DateHomeHeaderView.swift in Sources */ = {isa = PBXBuildFile; fileRef = EF3D75482007CE3400DD7B86 /* DateHomeHeaderView.swift */; };
		EF3D754E200836F300DD7B86 /* SytleTwoTableViewCell.swift in Sources */ = {isa = PBXBuildFile; fileRef = EF3D754D200836F300DD7B86 /* SytleTwoTableViewCell.swift */; };
		EF3D75502008463600DD7B86 /* SytleThreeTableViewCell.swift in Sources */ = {isa = PBXBuildFile; fileRef = EF3D754F2008463600DD7B86 /* SytleThreeTableViewCell.swift */; };
		EF83E48420124832007A36AE /* GameStyleSixTableViewCell.swift in Sources */ = {isa = PBXBuildFile; fileRef = EF83E48320124832007A36AE /* GameStyleSixTableViewCell.swift */; };
		EF83E486201250B5007A36AE /* GameStyleSixCollectionViewCell.swift in Sources */ = {isa = PBXBuildFile; fileRef = EF83E485201250B5007A36AE /* GameStyleSixCollectionViewCell.swift */; };
		EF83E48920138D3B007A36AE /* PaidAppsTableVC.swift in Sources */ = {isa = PBXBuildFile; fileRef = EF83E48820138D3B007A36AE /* PaidAppsTableVC.swift */; };
		EF83E48B20138E9B007A36AE /* PaidAppsTableViewCell.swift in Sources */ = {isa = PBXBuildFile; fileRef = EF83E48A20138E9B007A36AE /* PaidAppsTableViewCell.swift */; };
		EF83E48E2013A2EA007A36AE /* FreeAppsTableVC.swift in Sources */ = {isa = PBXBuildFile; fileRef = EF83E48D2013A2EA007A36AE /* FreeAppsTableVC.swift */; };
		EF83E4902013A30D007A36AE /* FreeAppsTableViewCell.swift in Sources */ = {isa = PBXBuildFile; fileRef = EF83E48F2013A30D007A36AE /* FreeAppsTableViewCell.swift */; };
		EF83E4932014C5C5007A36AE /* GameStyleSevenTableViewCell.swift in Sources */ = {isa = PBXBuildFile; fileRef = EF83E4922014C5C5007A36AE /* GameStyleSevenTableViewCell.swift */; };
		EFD33F7F2008599C00675C5E /* SanFranciscoFont-master in Resources */ = {isa = PBXBuildFile; fileRef = EFD33F7E2008599B00675C5E /* SanFranciscoFont-master */; };
		EFD33FC020085BCD00675C5E /* SanFranciscoText-Regular.otf in Resources */ = {isa = PBXBuildFile; fileRef = EFD33FAB20085BCB00675C5E /* SanFranciscoText-Regular.otf */; };
		EFD33FC120085BCD00675C5E /* SanFranciscoText-Semibold.otf in Resources */ = {isa = PBXBuildFile; fileRef = EFD33FAC20085BCB00675C5E /* SanFranciscoText-Semibold.otf */; };
		EFD33FC220085BCD00675C5E /* SanFranciscoDisplay-Medium.otf in Resources */ = {isa = PBXBuildFile; fileRef = EFD33FAD20085BCB00675C5E /* SanFranciscoDisplay-Medium.otf */; };
		EFD33FC320085BCD00675C5E /* SanFranciscoDisplay-Heavy.otf in Resources */ = {isa = PBXBuildFile; fileRef = EFD33FAE20085BCB00675C5E /* SanFranciscoDisplay-Heavy.otf */; };
		EFD33FC420085BCD00675C5E /* SanFranciscoText-Light.otf in Resources */ = {isa = PBXBuildFile; fileRef = EFD33FAF20085BCB00675C5E /* SanFranciscoText-Light.otf */; };
		EFD33FC520085BCD00675C5E /* SanFranciscoDisplay-Black.otf in Resources */ = {isa = PBXBuildFile; fileRef = EFD33FB020085BCB00675C5E /* SanFranciscoDisplay-Black.otf */; };
		EFD33FC620085BCD00675C5E /* SanFranciscoText-Heavy.otf in Resources */ = {isa = PBXBuildFile; fileRef = EFD33FB120085BCB00675C5E /* SanFranciscoText-Heavy.otf */; };
		EFD33FC720085BCD00675C5E /* SanFranciscoText-RegularItalic.otf in Resources */ = {isa = PBXBuildFile; fileRef = EFD33FB220085BCB00675C5E /* SanFranciscoText-RegularItalic.otf */; };
		EFD33FC820085BCD00675C5E /* SanFranciscoText-HeavyItalic.otf in Resources */ = {isa = PBXBuildFile; fileRef = EFD33FB320085BCC00675C5E /* SanFranciscoText-HeavyItalic.otf */; };
		EFD33FC920085BCD00675C5E /* SanFranciscoText-BoldItalic.otf in Resources */ = {isa = PBXBuildFile; fileRef = EFD33FB420085BCC00675C5E /* SanFranciscoText-BoldItalic.otf */; };
		EFD33FCA20085BCD00675C5E /* SanFranciscoText-Medium.otf in Resources */ = {isa = PBXBuildFile; fileRef = EFD33FB520085BCC00675C5E /* SanFranciscoText-Medium.otf */; };
		EFD33FCB20085BCD00675C5E /* SanFranciscoDisplay-Thin.otf in Resources */ = {isa = PBXBuildFile; fileRef = EFD33FB620085BCC00675C5E /* SanFranciscoDisplay-Thin.otf */; };
		EFD33FCC20085BCD00675C5E /* SanFranciscoDisplay-Ultralight.otf in Resources */ = {isa = PBXBuildFile; fileRef = EFD33FB720085BCC00675C5E /* SanFranciscoDisplay-Ultralight.otf */; };
		EFD33FCD20085BCD00675C5E /* SanFranciscoText-SemiboldItalic.otf in Resources */ = {isa = PBXBuildFile; fileRef = EFD33FB820085BCC00675C5E /* SanFranciscoText-SemiboldItalic.otf */; };
		EFD33FCE20085BCD00675C5E /* SanFranciscoDisplay-Regular.otf in Resources */ = {isa = PBXBuildFile; fileRef = EFD33FB920085BCC00675C5E /* SanFranciscoDisplay-Regular.otf */; };
		EFD33FCF20085BCD00675C5E /* SanFranciscoDisplay-Semibold.otf in Resources */ = {isa = PBXBuildFile; fileRef = EFD33FBA20085BCC00675C5E /* SanFranciscoDisplay-Semibold.otf */; };
		EFD33FD020085BCD00675C5E /* SanFranciscoText-MediumItalic.otf in Resources */ = {isa = PBXBuildFile; fileRef = EFD33FBB20085BCC00675C5E /* SanFranciscoText-MediumItalic.otf */; };
		EFD33FD120085BCD00675C5E /* SanFranciscoDisplay-Bold.otf in Resources */ = {isa = PBXBuildFile; fileRef = EFD33FBC20085BCC00675C5E /* SanFranciscoDisplay-Bold.otf */; };
		EFD33FD220085BCD00675C5E /* SanFranciscoDisplay-Light.otf in Resources */ = {isa = PBXBuildFile; fileRef = EFD33FBD20085BCC00675C5E /* SanFranciscoDisplay-Light.otf */; };
		EFD33FD320085BCD00675C5E /* SanFranciscoText-Bold.otf in Resources */ = {isa = PBXBuildFile; fileRef = EFD33FBE20085BCD00675C5E /* SanFranciscoText-Bold.otf */; };
		EFD33FD420085BCD00675C5E /* SanFranciscoText-LightItalic.otf in Resources */ = {isa = PBXBuildFile; fileRef = EFD33FBF20085BCD00675C5E /* SanFranciscoText-LightItalic.otf */; };
		EFD33FD6200865CB00675C5E /* SytleFourTableViewCell.swift in Sources */ = {isa = PBXBuildFile; fileRef = EFD33FD5200865CB00675C5E /* SytleFourTableViewCell.swift */; };
		EFD33FE0200912E000675C5E /* DailyListTableViewCell.swift in Sources */ = {isa = PBXBuildFile; fileRef = EFD33FDF200912E000675C5E /* DailyListTableViewCell.swift */; };
		EFD33FE3200915AA00675C5E /* ListTableView.swift in Sources */ = {isa = PBXBuildFile; fileRef = EFD33FE2200915AA00675C5E /* ListTableView.swift */; };
		EFD33FE5200915C200675C5E /* ListTableViewCell.swift in Sources */ = {isa = PBXBuildFile; fileRef = EFD33FE4200915C200675C5E /* ListTableViewCell.swift */; };
		EFD33FEB20093E6800675C5E /* Extensions.swift in Sources */ = {isa = PBXBuildFile; fileRef = EFD33FEA20093E6800675C5E /* Extensions.swift */; };
		EFD33FEE2009492B00675C5E /* ShadowView.swift in Sources */ = {isa = PBXBuildFile; fileRef = EFD33FED2009492B00675C5E /* ShadowView.swift */; };
		EFD33FF82009784F00675C5E /* GetButton.swift in Sources */ = {isa = PBXBuildFile; fileRef = EFD33FF72009784E00675C5E /* GetButton.swift */; };
		EFD33FFB200A63A700675C5E /* NetworkProcessor.swift in Sources */ = {isa = PBXBuildFile; fileRef = EFD33FFA200A63A700675C5E /* NetworkProcessor.swift */; };
		EFD33FFD200A662D00675C5E /* AppStoreServiceAPI.swift in Sources */ = {isa = PBXBuildFile; fileRef = EFD33FFC200A662D00675C5E /* AppStoreServiceAPI.swift */; };
/* End PBXBuildFile section */

/* Begin PBXFileReference section */
		EF15238A1FFF182000ADAD1F /* App Store.app */ = {isa = PBXFileReference; explicitFileType = wrapper.application; includeInIndex = 0; path = "App Store.app"; sourceTree = BUILT_PRODUCTS_DIR; };
		EF15238D1FFF182000ADAD1F /* AppDelegate.swift */ = {isa = PBXFileReference; lastKnownFileType = sourcecode.swift; path = AppDelegate.swift; sourceTree = "<group>"; };
		EF1523921FFF182000ADAD1F /* Base */ = {isa = PBXFileReference; lastKnownFileType = file.storyboard; name = Base; path = Base.lproj/Main.storyboard; sourceTree = "<group>"; };
		EF1523941FFF182000ADAD1F /* Assets.xcassets */ = {isa = PBXFileReference; lastKnownFileType = folder.assetcatalog; path = Assets.xcassets; sourceTree = "<group>"; };
		EF1523971FFF182000ADAD1F /* Base */ = {isa = PBXFileReference; lastKnownFileType = file.storyboard; name = Base; path = Base.lproj/LaunchScreen.storyboard; sourceTree = "<group>"; };
		EF1523991FFF182000ADAD1F /* Info.plist */ = {isa = PBXFileReference; lastKnownFileType = text.plist.xml; path = Info.plist; sourceTree = "<group>"; };
		EF1523A120006FE300ADAD1F /* TodayTableVC.swift */ = {isa = PBXFileReference; lastKnownFileType = sourcecode.swift; path = TodayTableVC.swift; sourceTree = "<group>"; };
		EF1523A52000706900ADAD1F /* GamesTabTableVC.swift */ = {isa = PBXFileReference; lastKnownFileType = sourcecode.swift; path = GamesTabTableVC.swift; sourceTree = "<group>"; };
		EF1523A8200070AE00ADAD1F /* AppsTabTableVC.swift */ = {isa = PBXFileReference; lastKnownFileType = sourcecode.swift; path = AppsTabTableVC.swift; sourceTree = "<group>"; };
		EF1523AB200070F800ADAD1F /* UpdatesTableVC.swift */ = {isa = PBXFileReference; lastKnownFileType = sourcecode.swift; path = UpdatesTableVC.swift; sourceTree = "<group>"; };
		EF1523AE2000711F00ADAD1F /* SearchTableVC.swift */ = {isa = PBXFileReference; lastKnownFileType = sourcecode.swift; path = SearchTableVC.swift; sourceTree = "<group>"; };
		EF1523B1200073D600ADAD1F /* Base */ = {isa = PBXFileReference; lastKnownFileType = file.storyboard; name = Base; path = "App Store/STORYBOARDS/Base.lproj/Today.storyboard"; sourceTree = "<group>"; };
		EF1523B3200074CE00ADAD1F /* Games.storyboard */ = {isa = PBXFileReference; fileEncoding = 4; lastKnownFileType = file.storyboard; path = Games.storyboard; sourceTree = "<group>"; };
		EF1523B62000752700ADAD1F /* Base */ = {isa = PBXFileReference; lastKnownFileType = file.storyboard; name = Base; path = "App Store/STORYBOARDS/Base.lproj/Apps.storyboard"; sourceTree = "<group>"; };
		EF1523B82000756900ADAD1F /* Updates.storyboard */ = {isa = PBXFileReference; fileEncoding = 4; lastKnownFileType = file.storyboard; path = Updates.storyboard; sourceTree = "<group>"; };
		EF1523BB2000759500ADAD1F /* Base */ = {isa = PBXFileReference; lastKnownFileType = file.storyboard; name = Base; path = "App Store/STORYBOARDS/Base.lproj/Search.storyboard"; sourceTree = "<group>"; };
		EF1523BD2001C57200ADAD1F /* App.swift */ = {isa = PBXFileReference; lastKnownFileType = sourcecode.swift; path = App.swift; sourceTree = "<group>"; };
		EF168AA6200C64CF0045BF60 /* DateHeaderView.xib */ = {isa = PBXFileReference; lastKnownFileType = file.xib; path = DateHeaderView.xib; sourceTree = "<group>"; };
		EF168AA8200C654F0045BF60 /* DateHeaderView.swift */ = {isa = PBXFileReference; lastKnownFileType = sourcecode.swift; path = DateHeaderView.swift; sourceTree = "<group>"; };
		EF168AAA200C78430045BF60 /* GameStyleOneTableViewCell.swift */ = {isa = PBXFileReference; lastKnownFileType = sourcecode.swift; path = GameStyleOneTableViewCell.swift; sourceTree = "<group>"; };
		EF168AAC200CDB3E0045BF60 /* CollectionCells.swift */ = {isa = PBXFileReference; lastKnownFileType = sourcecode.swift; path = CollectionCells.swift; sourceTree = "<group>"; };
		EF168AAF200CDBF50045BF60 /* GamesStyleOneCollectionViewCell.swift */ = {isa = PBXFileReference; lastKnownFileType = sourcecode.swift; path = GamesStyleOneCollectionViewCell.swift; sourceTree = "<group>"; };
		EF168AB2200DF1340045BF60 /* GameHeaderView.swift */ = {isa = PBXFileReference; lastKnownFileType = sourcecode.swift; path = GameHeaderView.swift; sourceTree = "<group>"; };
		EF168AB4200DF17F0045BF60 /* GameHeaderView.xib */ = {isa = PBXFileReference; lastKnownFileType = file.xib; path = GameHeaderView.xib; sourceTree = "<group>"; };
		EF168ABE200E012F0045BF60 /* GameStyleTwoTableViewCell.swift */ = {isa = PBXFileReference; lastKnownFileType = sourcecode.swift; path = GameStyleTwoTableViewCell.swift; sourceTree = "<group>"; };
		EF168AC3200E76580045BF60 /* GameStyleTwoCollectionViewCell.swift */ = {isa = PBXFileReference; lastKnownFileType = sourcecode.swift; path = GameStyleTwoCollectionViewCell.swift; sourceTree = "<group>"; };
		EF168AC5200E7F450045BF60 /* GameStyleTwoCollectionTableViewCell.swift */ = {isa = PBXFileReference; lastKnownFileType = sourcecode.swift; path = GameStyleTwoCollectionTableViewCell.swift; sourceTree = "<group>"; };
		EF168AC7200EA94C0045BF60 /* GameHeaderTitleOne.swift */ = {isa = PBXFileReference; lastKnownFileType = sourcecode.swift; path = GameHeaderTitleOne.swift; sourceTree = "<group>"; };
		EF168AC9200EA96F0045BF60 /* GameHeaderTitleOne.xib */ = {isa = PBXFileReference; lastKnownFileType = file.xib; path = GameHeaderTitleOne.xib; sourceTree = "<group>"; };
		EF168ACC200EC2C90045BF60 /* GameStyleThreeTableViewCell.swift */ = {isa = PBXFileReference; lastKnownFileType = sourcecode.swift; path = GameStyleThreeTableViewCell.swift; sourceTree = "<group>"; };
		EF168ACE200EC5110045BF60 /* GameStyleThreeCollectionViewCell.swift */ = {isa = PBXFileReference; lastKnownFileType = sourcecode.swift; path = GameStyleThreeCollectionViewCell.swift; sourceTree = "<group>"; };
		EF168AD0200EC7630045BF60 /* GameStyleThreeCollectionTableViewCell.swift */ = {isa = PBXFileReference; lastKnownFileType = sourcecode.swift; path = GameStyleThreeCollectionTableViewCell.swift; sourceTree = "<group>"; };
		EF168AD3200EEB800045BF60 /* GameStyleFourTableViewCell.swift */ = {isa = PBXFileReference; lastKnownFileType = sourcecode.swift; path = GameStyleFourTableViewCell.swift; sourceTree = "<group>"; };
		EF168AD5200EECCF0045BF60 /* GameStyleFourCollectionViewCell.swift */ = {isa = PBXFileReference; lastKnownFileType = sourcecode.swift; path = GameStyleFourCollectionViewCell.swift; sourceTree = "<group>"; };
		EF168AD8200F67600045BF60 /* GameStyleFiveTableViewCell.swift */ = {isa = PBXFileReference; lastKnownFileType = sourcecode.swift; path = GameStyleFiveTableViewCell.swift; sourceTree = "<group>"; };
		EF168ADA200F71BE0045BF60 /* GameStyleFiveInnerTableViewCell.swift */ = {isa = PBXFileReference; lastKnownFileType = sourcecode.swift; path = GameStyleFiveInnerTableViewCell.swift; sourceTree = "<group>"; };
		EF168ADE200FA7950045BF60 /* HeaderSytleOneTableVC.swift */ = {isa = PBXFileReference; lastKnownFileType = sourcecode.swift; path = HeaderSytleOneTableVC.swift; sourceTree = "<group>"; };
		EF168AE0200FA89D0045BF60 /* HeaderStyleOneTableViewCell.swift */ = {isa = PBXFileReference; lastKnownFileType = sourcecode.swift; path = HeaderStyleOneTableViewCell.swift; sourceTree = "<group>"; };
		EF168AE3201052A10045BF60 /* HeaderStyleTwoVC.swift */ = {isa = PBXFileReference; lastKnownFileType = sourcecode.swift; path = HeaderStyleTwoVC.swift; sourceTree = "<group>"; };
		EF168B042011F0780045BF60 /* SearchHeaderView.xib */ = {isa = PBXFileReference; lastKnownFileType = file.xib; path = SearchHeaderView.xib; sourceTree = "<group>"; };
		EF168B062011F08B0045BF60 /* SearchHeaderView.swift */ = {isa = PBXFileReference; lastKnownFileType = sourcecode.swift; path = SearchHeaderView.swift; sourceTree = "<group>"; };
		EF168B082011F5490045BF60 /* SearchTableViewCell.swift */ = {isa = PBXFileReference; lastKnownFileType = sourcecode.swift; path = SearchTableViewCell.swift; sourceTree = "<group>"; };
		EF168B0C201205DF0045BF60 /* SearchStyleOneTableViewCell.swift */ = {isa = PBXFileReference; lastKnownFileType = sourcecode.swift; path = SearchStyleOneTableViewCell.swift; sourceTree = "<group>"; };
		EF168B0E201209490045BF60 /* SearchStyleTwoTableViewCell.swift */ = {isa = PBXFileReference; lastKnownFileType = sourcecode.swift; path = SearchStyleTwoTableViewCell.swift; sourceTree = "<group>"; };
		EF168B1120120B060045BF60 /* SearchStyleThreeTableViewCell.swift */ = {isa = PBXFileReference; lastKnownFileType = sourcecode.swift; path = SearchStyleThreeTableViewCell.swift; sourceTree = "<group>"; };
		EF168B142012393D0045BF60 /* UpdateHeaderView.xib */ = {isa = PBXFileReference; lastKnownFileType = file.xib; path = UpdateHeaderView.xib; sourceTree = "<group>"; };
		EF168B16201240320045BF60 /* UpdateTableViewCell.swift */ = {isa = PBXFileReference; lastKnownFileType = sourcecode.swift; path = UpdateTableViewCell.swift; sourceTree = "<group>"; };
		EF31349F2018DD1A00E73D41 /* AppDetailOpenTableViewController.swift */ = {isa = PBXFileReference; lastKnownFileType = sourcecode.swift; path = AppDetailOpenTableViewController.swift; sourceTree = "<group>"; };
		EF3134A12018E88900E73D41 /* DetailOpenCells.swift */ = {isa = PBXFileReference; lastKnownFileType = sourcecode.swift; path = DetailOpenCells.swift; sourceTree = "<group>"; };
		EF3134A42018E9BB00E73D41 /* TopTableViewCell.swift */ = {isa = PBXFileReference; lastKnownFileType = sourcecode.swift; path = TopTableViewCell.swift; sourceTree = "<group>"; };
		EF3134A92018FE0F00E73D41 /* WhatsNewTableViewCell.swift */ = {isa = PBXFileReference; lastKnownFileType = sourcecode.swift; path = WhatsNewTableViewCell.swift; sourceTree = "<group>"; };
		EF3134AC2019410B00E73D41 /* PreviewTableViewCell.swift */ = {isa = PBXFileReference; lastKnownFileType = sourcecode.swift; path = PreviewTableViewCell.swift; sourceTree = "<group>"; };
		EF3134AE2019464B00E73D41 /* PreviewCollectionViewCell.swift */ = {isa = PBXFileReference; lastKnownFileType = sourcecode.swift; path = PreviewCollectionViewCell.swift; sourceTree = "<group>"; };
		EF35F80620163AAA00F77A06 /* GameStyleSevenInnerTableViewCell.swift */ = {isa = PBXFileReference; lastKnownFileType = sourcecode.swift; path = GameStyleSevenInnerTableViewCell.swift; sourceTree = "<group>"; };
		EF35F80820163E3900F77A06 /* GameStyleSevenInnerTableViewCellTWO.swift */ = {isa = PBXFileReference; lastKnownFileType = sourcecode.swift; path = GameStyleSevenInnerTableViewCellTWO.swift; sourceTree = "<group>"; };
		EF35F80A201645F200F77A06 /* GameStyleSevenInnerTableViewCellTHREE.swift */ = {isa = PBXFileReference; lastKnownFileType = sourcecode.swift; path = GameStyleSevenInnerTableViewCellTHREE.swift; sourceTree = "<group>"; };
		EF3D75392007BFC000DD7B86 /* Apps.swift */ = {isa = PBXFileReference; lastKnownFileType = sourcecode.swift; path = Apps.swift; sourceTree = "<group>"; };
		EF3D753C2007C27600DD7B86 /* data.json */ = {isa = PBXFileReference; fileEncoding = 4; lastKnownFileType = text.json; path = data.json; sourceTree = "<group>"; };
		EF3D753E2007CAA600DD7B86 /* TodayTableViewCell.swift */ = {isa = PBXFileReference; lastKnownFileType = sourcecode.swift; path = TodayTableViewCell.swift; sourceTree = "<group>"; };
		EF3D75412007CAEA00DD7B86 /* Cells.swift */ = {isa = PBXFileReference; lastKnownFileType = sourcecode.swift; path = Cells.swift; sourceTree = "<group>"; };
		EF3D75432007CB3400DD7B86 /* Segues.swift */ = {isa = PBXFileReference; lastKnownFileType = sourcecode.swift; path = Segues.swift; sourceTree = "<group>"; };
		EF3D75462007CE2000DD7B86 /* DateHomeHeaderView.xib */ = {isa = PBXFileReference; lastKnownFileType = file.xib; path = DateHomeHeaderView.xib; sourceTree = "<group>"; };
		EF3D75482007CE3400DD7B86 /* DateHomeHeaderView.swift */ = {isa = PBXFileReference; lastKnownFileType = sourcecode.swift; path = DateHomeHeaderView.swift; sourceTree = "<group>"; };
		EF3D754D200836F300DD7B86 /* SytleTwoTableViewCell.swift */ = {isa = PBXFileReference; lastKnownFileType = sourcecode.swift; path = SytleTwoTableViewCell.swift; sourceTree = "<group>"; };
		EF3D754F2008463600DD7B86 /* SytleThreeTableViewCell.swift */ = {isa = PBXFileReference; lastKnownFileType = sourcecode.swift; path = SytleThreeTableViewCell.swift; sourceTree = "<group>"; };
		EF83E48320124832007A36AE /* GameStyleSixTableViewCell.swift */ = {isa = PBXFileReference; lastKnownFileType = sourcecode.swift; path = GameStyleSixTableViewCell.swift; sourceTree = "<group>"; };
		EF83E485201250B5007A36AE /* GameStyleSixCollectionViewCell.swift */ = {isa = PBXFileReference; lastKnownFileType = sourcecode.swift; path = GameStyleSixCollectionViewCell.swift; sourceTree = "<group>"; };
		EF83E48820138D3B007A36AE /* PaidAppsTableVC.swift */ = {isa = PBXFileReference; lastKnownFileType = sourcecode.swift; path = PaidAppsTableVC.swift; sourceTree = "<group>"; };
		EF83E48A20138E9B007A36AE /* PaidAppsTableViewCell.swift */ = {isa = PBXFileReference; lastKnownFileType = sourcecode.swift; path = PaidAppsTableViewCell.swift; sourceTree = "<group>"; };
		EF83E48D2013A2EA007A36AE /* FreeAppsTableVC.swift */ = {isa = PBXFileReference; lastKnownFileType = sourcecode.swift; path = FreeAppsTableVC.swift; sourceTree = "<group>"; };
		EF83E48F2013A30D007A36AE /* FreeAppsTableViewCell.swift */ = {isa = PBXFileReference; lastKnownFileType = sourcecode.swift; path = FreeAppsTableViewCell.swift; sourceTree = "<group>"; };
		EF83E4922014C5C5007A36AE /* GameStyleSevenTableViewCell.swift */ = {isa = PBXFileReference; lastKnownFileType = sourcecode.swift; path = GameStyleSevenTableViewCell.swift; sourceTree = "<group>"; };
		EFD33F7E2008599B00675C5E /* SanFranciscoFont-master */ = {isa = PBXFileReference; lastKnownFileType = folder; path = "SanFranciscoFont-master"; sourceTree = "<group>"; };
		EFD33FAB20085BCB00675C5E /* SanFranciscoText-Regular.otf */ = {isa = PBXFileReference; lastKnownFileType = file; path = "SanFranciscoText-Regular.otf"; sourceTree = "<group>"; };
		EFD33FAC20085BCB00675C5E /* SanFranciscoText-Semibold.otf */ = {isa = PBXFileReference; lastKnownFileType = file; path = "SanFranciscoText-Semibold.otf"; sourceTree = "<group>"; };
		EFD33FAD20085BCB00675C5E /* SanFranciscoDisplay-Medium.otf */ = {isa = PBXFileReference; lastKnownFileType = file; path = "SanFranciscoDisplay-Medium.otf"; sourceTree = "<group>"; };
		EFD33FAE20085BCB00675C5E /* SanFranciscoDisplay-Heavy.otf */ = {isa = PBXFileReference; lastKnownFileType = file; path = "SanFranciscoDisplay-Heavy.otf"; sourceTree = "<group>"; };
		EFD33FAF20085BCB00675C5E /* SanFranciscoText-Light.otf */ = {isa = PBXFileReference; lastKnownFileType = file; path = "SanFranciscoText-Light.otf"; sourceTree = "<group>"; };
		EFD33FB020085BCB00675C5E /* SanFranciscoDisplay-Black.otf */ = {isa = PBXFileReference; lastKnownFileType = file; path = "SanFranciscoDisplay-Black.otf"; sourceTree = "<group>"; };
		EFD33FB120085BCB00675C5E /* SanFranciscoText-Heavy.otf */ = {isa = PBXFileReference; lastKnownFileType = file; path = "SanFranciscoText-Heavy.otf"; sourceTree = "<group>"; };
		EFD33FB220085BCB00675C5E /* SanFranciscoText-RegularItalic.otf */ = {isa = PBXFileReference; lastKnownFileType = file; path = "SanFranciscoText-RegularItalic.otf"; sourceTree = "<group>"; };
		EFD33FB320085BCC00675C5E /* SanFranciscoText-HeavyItalic.otf */ = {isa = PBXFileReference; lastKnownFileType = file; path = "SanFranciscoText-HeavyItalic.otf"; sourceTree = "<group>"; };
		EFD33FB420085BCC00675C5E /* SanFranciscoText-BoldItalic.otf */ = {isa = PBXFileReference; lastKnownFileType = file; path = "SanFranciscoText-BoldItalic.otf"; sourceTree = "<group>"; };
		EFD33FB520085BCC00675C5E /* SanFranciscoText-Medium.otf */ = {isa = PBXFileReference; lastKnownFileType = file; path = "SanFranciscoText-Medium.otf"; sourceTree = "<group>"; };
		EFD33FB620085BCC00675C5E /* SanFranciscoDisplay-Thin.otf */ = {isa = PBXFileReference; lastKnownFileType = file; path = "SanFranciscoDisplay-Thin.otf"; sourceTree = "<group>"; };
		EFD33FB720085BCC00675C5E /* SanFranciscoDisplay-Ultralight.otf */ = {isa = PBXFileReference; lastKnownFileType = file; path = "SanFranciscoDisplay-Ultralight.otf"; sourceTree = "<group>"; };
		EFD33FB820085BCC00675C5E /* SanFranciscoText-SemiboldItalic.otf */ = {isa = PBXFileReference; lastKnownFileType = file; path = "SanFranciscoText-SemiboldItalic.otf"; sourceTree = "<group>"; };
		EFD33FB920085BCC00675C5E /* SanFranciscoDisplay-Regular.otf */ = {isa = PBXFileReference; lastKnownFileType = file; path = "SanFranciscoDisplay-Regular.otf"; sourceTree = "<group>"; };
		EFD33FBA20085BCC00675C5E /* SanFranciscoDisplay-Semibold.otf */ = {isa = PBXFileReference; lastKnownFileType = file; path = "SanFranciscoDisplay-Semibold.otf"; sourceTree = "<group>"; };
		EFD33FBB20085BCC00675C5E /* SanFranciscoText-MediumItalic.otf */ = {isa = PBXFileReference; lastKnownFileType = file; path = "SanFranciscoText-MediumItalic.otf"; sourceTree = "<group>"; };
		EFD33FBC20085BCC00675C5E /* SanFranciscoDisplay-Bold.otf */ = {isa = PBXFileReference; lastKnownFileType = file; path = "SanFranciscoDisplay-Bold.otf"; sourceTree = "<group>"; };
		EFD33FBD20085BCC00675C5E /* SanFranciscoDisplay-Light.otf */ = {isa = PBXFileReference; lastKnownFileType = file; path = "SanFranciscoDisplay-Light.otf"; sourceTree = "<group>"; };
		EFD33FBE20085BCD00675C5E /* SanFranciscoText-Bold.otf */ = {isa = PBXFileReference; lastKnownFileType = file; path = "SanFranciscoText-Bold.otf"; sourceTree = "<group>"; };
		EFD33FBF20085BCD00675C5E /* SanFranciscoText-LightItalic.otf */ = {isa = PBXFileReference; lastKnownFileType = file; path = "SanFranciscoText-LightItalic.otf"; sourceTree = "<group>"; };
		EFD33FD5200865CB00675C5E /* SytleFourTableViewCell.swift */ = {isa = PBXFileReference; lastKnownFileType = sourcecode.swift; path = SytleFourTableViewCell.swift; sourceTree = "<group>"; };
		EFD33FDF200912E000675C5E /* DailyListTableViewCell.swift */ = {isa = PBXFileReference; lastKnownFileType = sourcecode.swift; path = DailyListTableViewCell.swift; sourceTree = "<group>"; };
		EFD33FE2200915AA00675C5E /* ListTableView.swift */ = {isa = PBXFileReference; lastKnownFileType = sourcecode.swift; path = ListTableView.swift; sourceTree = "<group>"; };
		EFD33FE4200915C200675C5E /* ListTableViewCell.swift */ = {isa = PBXFileReference; lastKnownFileType = sourcecode.swift; path = ListTableViewCell.swift; sourceTree = "<group>"; };
		EFD33FEA20093E6800675C5E /* Extensions.swift */ = {isa = PBXFileReference; lastKnownFileType = sourcecode.swift; path = Extensions.swift; sourceTree = "<group>"; };
		EFD33FED2009492B00675C5E /* ShadowView.swift */ = {isa = PBXFileReference; lastKnownFileType = sourcecode.swift; path = ShadowView.swift; sourceTree = "<group>"; };
		EFD33FF72009784E00675C5E /* GetButton.swift */ = {isa = PBXFileReference; lastKnownFileType = sourcecode.swift; path = GetButton.swift; sourceTree = "<group>"; };
		EFD33FFA200A63A700675C5E /* NetworkProcessor.swift */ = {isa = PBXFileReference; lastKnownFileType = sourcecode.swift; path = NetworkProcessor.swift; sourceTree = "<group>"; };
		EFD33FFC200A662D00675C5E /* AppStoreServiceAPI.swift */ = {isa = PBXFileReference; lastKnownFileType = sourcecode.swift; path = AppStoreServiceAPI.swift; sourceTree = "<group>"; };
/* End PBXFileReference section */

/* Begin PBXFrameworksBuildPhase section */
		EF1523871FFF182000ADAD1F /* Frameworks */ = {
			isa = PBXFrameworksBuildPhase;
			buildActionMask = 2147483647;
			files = (
			);
			runOnlyForDeploymentPostprocessing = 0;
		};
/* End PBXFrameworksBuildPhase section */

/* Begin PBXGroup section */
		EF1523811FFF182000ADAD1F = {
			isa = PBXGroup;
			children = (
				EF15238C1FFF182000ADAD1F /* App Store */,
				EF15238B1FFF182000ADAD1F /* Products */,
			);
			sourceTree = "<group>";
		};
		EF15238B1FFF182000ADAD1F /* Products */ = {
			isa = PBXGroup;
			children = (
				EF15238A1FFF182000ADAD1F /* App Store.app */,
			);
			name = Products;
			sourceTree = "<group>";
		};
		EF15238C1FFF182000ADAD1F /* App Store */ = {
			isa = PBXGroup;
			children = (
				EF1523A320006FF100ADAD1F /* STORYBOARDS */,
				EF31349E2018DC9E00E73D41 /* DETAIL OPEN */,
				EF1523A020006F9E00ADAD1F /* TODAY */,
				EF1523A42000704700ADAD1F /* GAMESTAB */,
				EF1523A72000708F00ADAD1F /* APPSTAB */,
				EF1523AA200070C800ADAD1F /* UPDATES */,
				EF1523AD2000710300ADAD1F /* SEARCH */,
				EF15238D1FFF182000ADAD1F /* AppDelegate.swift */,
				EF1523941FFF182000ADAD1F /* Assets.xcassets */,
				EFD33FF9200A636D00675C5E /* NETWORK */,
				EFD33FEC2009490200675C5E /* CUSTOM */,
				EFD33F7E2008599B00675C5E /* SanFranciscoFont-master */,
				EFD33FAA20085BA600675C5E /* Fonts */,
				EF1523961FFF182000ADAD1F /* LaunchScreen.storyboard */,
				EF1523991FFF182000ADAD1F /* Info.plist */,
				EF15239F20006C7A00ADAD1F /* MODEL */,
			);
			path = "App Store";
			sourceTree = "<group>";
		};
		EF15239F20006C7A00ADAD1F /* MODEL */ = {
			isa = PBXGroup;
			children = (
				EF3D75402007CAD700DD7B86 /* Enumerations */,
				EF3D753B2007C25400DD7B86 /* Data */,
				EF1523BD2001C57200ADAD1F /* App.swift */,
				EF3D75392007BFC000DD7B86 /* Apps.swift */,
			);
			path = MODEL;
			sourceTree = "<group>";
		};
		EF1523A020006F9E00ADAD1F /* TODAY */ = {
			isa = PBXGroup;
			children = (
				EF31349B2018105900E73D41 /* OPEN  */,
				EF3D754C200828A800DD7B86 /* TableviewCells */,
				EF3D75452007CD4900DD7B86 /* HeaderView */,
				EF1523A120006FE300ADAD1F /* TodayTableVC.swift */,
				EF3D753E2007CAA600DD7B86 /* TodayTableViewCell.swift */,
			);
			path = TODAY;
			sourceTree = "<group>";
		};
		EF1523A320006FF100ADAD1F /* STORYBOARDS */ = {
			isa = PBXGroup;
			children = (
				EF1523911FFF182000ADAD1F /* Main.storyboard */,
				EF1523B0200073D600ADAD1F /* Today.storyboard */,
				EF1523B3200074CE00ADAD1F /* Games.storyboard */,
				EF1523B52000752700ADAD1F /* Apps.storyboard */,
				EF1523B82000756900ADAD1F /* Updates.storyboard */,
				EF1523BA2000759500ADAD1F /* Search.storyboard */,
			);
			path = STORYBOARDS;
			sourceTree = "<group>";
		};
		EF1523A42000704700ADAD1F /* GAMESTAB */ = {
			isa = PBXGroup;
			children = (
				EF168AB1200DF0DC0045BF60 /* Header */,
				EF1523A52000706900ADAD1F /* GamesTabTableVC.swift */,
				EF168AAE200CDBC10045BF60 /* STYLE ONE  */,
				EF168ABD200E00C30045BF60 /* STYLE TWO */,
				EF168ACB200EBDF50045BF60 /* STYLE THREE */,
				EF168AD2200EEB230045BF60 /* STYLE FOUR */,
				EF168AD7200F66340045BF60 /* STYLE FIVE */,
				EF83E482201247B4007A36AE /* STYLE SIX */,
				EF83E4912014C58A007A36AE /* STYLE SEVEN */,
			);
			path = GAMESTAB;
			sourceTree = "<group>";
		};
		EF1523A72000708F00ADAD1F /* APPSTAB */ = {
			isa = PBXGroup;
			children = (
				EF1523A8200070AE00ADAD1F /* AppsTabTableVC.swift */,
			);
			path = APPSTAB;
			sourceTree = "<group>";
		};
		EF1523AA200070C800ADAD1F /* UPDATES */ = {
			isa = PBXGroup;
			children = (
				EF168B132012390B0045BF60 /* Header */,
				EF1523AB200070F800ADAD1F /* UpdatesTableVC.swift */,
				EF168B16201240320045BF60 /* UpdateTableViewCell.swift */,
			);
			path = UPDATES;
			sourceTree = "<group>";
		};
		EF1523AD2000710300ADAD1F /* SEARCH */ = {
			isa = PBXGroup;
			children = (
				EF168B1020120AEE0045BF60 /* STYLE THREE */,
				EF168B0A2011FC9C0045BF60 /* STYLE ONE */,
				EF168B0B2011FCA50045BF60 /* STYLE TWO */,
				EF168B032011F04D0045BF60 /* Header */,
				EF1523AE2000711F00ADAD1F /* SearchTableVC.swift */,
				EF168B082011F5490045BF60 /* SearchTableViewCell.swift */,
			);
			path = SEARCH;
			sourceTree = "<group>";
		};
		EF168AAE200CDBC10045BF60 /* STYLE ONE  */ = {
			isa = PBXGroup;
			children = (
				EF168AAA200C78430045BF60 /* GameStyleOneTableViewCell.swift */,
				EF168AAF200CDBF50045BF60 /* GamesStyleOneCollectionViewCell.swift */,
			);
			path = "STYLE ONE ";
			sourceTree = "<group>";
		};
		EF168AB1200DF0DC0045BF60 /* Header */ = {
			isa = PBXGroup;
			children = (
				EF168ADC200FA6A30045BF60 /* Header TVC */,
				EF168AB2200DF1340045BF60 /* GameHeaderView.swift */,
				EF168AB4200DF17F0045BF60 /* GameHeaderView.xib */,
				EF168AC7200EA94C0045BF60 /* GameHeaderTitleOne.swift */,
				EF168AC9200EA96F0045BF60 /* GameHeaderTitleOne.xib */,
			);
			path = Header;
			sourceTree = "<group>";
		};
		EF168ABD200E00C30045BF60 /* STYLE TWO */ = {
			isa = PBXGroup;
			children = (
				EF168ABE200E012F0045BF60 /* GameStyleTwoTableViewCell.swift */,
				EF168AC3200E76580045BF60 /* GameStyleTwoCollectionViewCell.swift */,
				EF168AC5200E7F450045BF60 /* GameStyleTwoCollectionTableViewCell.swift */,
			);
			name = "STYLE TWO";
			path = "New Group";
			sourceTree = "<group>";
		};
		EF168ACB200EBDF50045BF60 /* STYLE THREE */ = {
			isa = PBXGroup;
			children = (
				EF168ACC200EC2C90045BF60 /* GameStyleThreeTableViewCell.swift */,
				EF168ACE200EC5110045BF60 /* GameStyleThreeCollectionViewCell.swift */,
				EF168AD0200EC7630045BF60 /* GameStyleThreeCollectionTableViewCell.swift */,
			);
			path = "STYLE THREE";
			sourceTree = "<group>";
		};
		EF168AD2200EEB230045BF60 /* STYLE FOUR */ = {
			isa = PBXGroup;
			children = (
				EF168AD3200EEB800045BF60 /* GameStyleFourTableViewCell.swift */,
				EF168AD5200EECCF0045BF60 /* GameStyleFourCollectionViewCell.swift */,
			);
			path = "STYLE FOUR";
			sourceTree = "<group>";
		};
		EF168AD7200F66340045BF60 /* STYLE FIVE */ = {
			isa = PBXGroup;
			children = (
				EF168AD8200F67600045BF60 /* GameStyleFiveTableViewCell.swift */,
				EF168ADA200F71BE0045BF60 /* GameStyleFiveInnerTableViewCell.swift */,
			);
			path = "STYLE FIVE";
			sourceTree = "<group>";
		};
		EF168ADC200FA6A30045BF60 /* Header TVC */ = {
			isa = PBXGroup;
			children = (
				EF168AE22010423E0045BF60 /* Header Style TWO TVC */,
				EF168ADD200FA6B70045BF60 /* Header Style ONE TVC */,
			);
			path = "Header TVC";
			sourceTree = "<group>";
		};
		EF168ADD200FA6B70045BF60 /* Header Style ONE TVC */ = {
			isa = PBXGroup;
			children = (
				EF168ADE200FA7950045BF60 /* HeaderSytleOneTableVC.swift */,
				EF168AE0200FA89D0045BF60 /* HeaderStyleOneTableViewCell.swift */,
			);
			path = "Header Style ONE TVC";
			sourceTree = "<group>";
		};
		EF168AE22010423E0045BF60 /* Header Style TWO TVC */ = {
			isa = PBXGroup;
			children = (
				EF83E48C2013A2B0007A36AE /* Free Apps TVC */,
				EF83E48720138CEA007A36AE /* Paid Apps TVC */,
				EF168AE3201052A10045BF60 /* HeaderStyleTwoVC.swift */,
			);
			path = "Header Style TWO TVC";
			sourceTree = "<group>";
		};
		EF168B032011F04D0045BF60 /* Header */ = {
			isa = PBXGroup;
			children = (
				EF168B042011F0780045BF60 /* SearchHeaderView.xib */,
				EF168B062011F08B0045BF60 /* SearchHeaderView.swift */,
			);
			path = Header;
			sourceTree = "<group>";
		};
		EF168B0A2011FC9C0045BF60 /* STYLE ONE */ = {
			isa = PBXGroup;
			children = (
				EF168B0C201205DF0045BF60 /* SearchStyleOneTableViewCell.swift */,
			);
			path = "STYLE ONE";
			sourceTree = "<group>";
		};
		EF168B0B2011FCA50045BF60 /* STYLE TWO */ = {
			isa = PBXGroup;
			children = (
				EF168B0E201209490045BF60 /* SearchStyleTwoTableViewCell.swift */,
			);
			path = "STYLE TWO";
			sourceTree = "<group>";
		};
		EF168B1020120AEE0045BF60 /* STYLE THREE */ = {
			isa = PBXGroup;
			children = (
				EF168B1120120B060045BF60 /* SearchStyleThreeTableViewCell.swift */,
			);
			path = "STYLE THREE";
			sourceTree = "<group>";
		};
		EF168B132012390B0045BF60 /* Header */ = {
			isa = PBXGroup;
			children = (
				EF168B142012393D0045BF60 /* UpdateHeaderView.xib */,
			);
			path = Header;
			sourceTree = "<group>";
		};
		EF31349B2018105900E73D41 /* OPEN  */ = {
			isa = PBXGroup;
			children = (
				EF31349D2018107900E73D41 /* STYLE TWO */,
				EF31349C2018106B00E73D41 /* STYLE ONE */,
			);
			path = "OPEN ";
			sourceTree = "<group>";
		};
		EF31349C2018106B00E73D41 /* STYLE ONE */ = {
			isa = PBXGroup;
			children = (
			);
			path = "STYLE ONE";
			sourceTree = "<group>";
		};
		EF31349D2018107900E73D41 /* STYLE TWO */ = {
			isa = PBXGroup;
			children = (
			);
			path = "STYLE TWO";
			sourceTree = "<group>";
		};
		EF31349E2018DC9E00E73D41 /* DETAIL OPEN */ = {
			isa = PBXGroup;
			children = (
				EF31349F2018DD1A00E73D41 /* AppDetailOpenTableViewController.swift */,
				EF3134A12018E88900E73D41 /* DetailOpenCells.swift */,
				EF3134A32018E97200E73D41 /* Top Cell */,
				EF3134A82018FDE600E73D41 /* Whats New Cell */,
				EF3134AB201940DC00E73D41 /* Preview Cell */,
			);
			path = "DETAIL OPEN";
			sourceTree = "<group>";
		};
		EF3134A32018E97200E73D41 /* Top Cell */ = {
			isa = PBXGroup;
			children = (
				EF3134A42018E9BB00E73D41 /* TopTableViewCell.swift */,
			);
			path = "Top Cell";
			sourceTree = "<group>";
		};
		EF3134A82018FDE600E73D41 /* Whats New Cell */ = {
			isa = PBXGroup;
			children = (
				EF3134A92018FE0F00E73D41 /* WhatsNewTableViewCell.swift */,
			);
			path = "Whats New Cell";
			sourceTree = "<group>";
		};
		EF3134AB201940DC00E73D41 /* Preview Cell */ = {
			isa = PBXGroup;
			children = (
				EF3134AC2019410B00E73D41 /* PreviewTableViewCell.swift */,
				EF3134AE2019464B00E73D41 /* PreviewCollectionViewCell.swift */,
			);
			path = "Preview Cell";
			sourceTree = "<group>";
		};
		EF3D753B2007C25400DD7B86 /* Data */ = {
			isa = PBXGroup;
			children = (
				EF3D753C2007C27600DD7B86 /* data.json */,
			);
			path = Data;
			sourceTree = "<group>";
		};
		EF3D75402007CAD700DD7B86 /* Enumerations */ = {
			isa = PBXGroup;
			children = (
				EF3D75412007CAEA00DD7B86 /* Cells.swift */,
				EF3D75432007CB3400DD7B86 /* Segues.swift */,
				EF168AAC200CDB3E0045BF60 /* CollectionCells.swift */,
			);
			path = Enumerations;
			sourceTree = "<group>";
		};
		EF3D75452007CD4900DD7B86 /* HeaderView */ = {
			isa = PBXGroup;
			children = (
				EF3D75462007CE2000DD7B86 /* DateHomeHeaderView.xib */,
				EF3D75482007CE3400DD7B86 /* DateHomeHeaderView.swift */,
				EF168AA6200C64CF0045BF60 /* DateHeaderView.xib */,
				EF168AA8200C654F0045BF60 /* DateHeaderView.swift */,
			);
			path = HeaderView;
			sourceTree = "<group>";
		};
		EF3D754C200828A800DD7B86 /* TableviewCells */ = {
			isa = PBXGroup;
			children = (
				EFD33FE12009158700675C5E /* List */,
				EF3D754D200836F300DD7B86 /* SytleTwoTableViewCell.swift */,
				EF3D754F2008463600DD7B86 /* SytleThreeTableViewCell.swift */,
				EFD33FD5200865CB00675C5E /* SytleFourTableViewCell.swift */,
				EFD33FDF200912E000675C5E /* DailyListTableViewCell.swift */,
			);
			path = TableviewCells;
			sourceTree = "<group>";
		};
		EF83E482201247B4007A36AE /* STYLE SIX */ = {
			isa = PBXGroup;
			children = (
				EF83E48320124832007A36AE /* GameStyleSixTableViewCell.swift */,
				EF83E485201250B5007A36AE /* GameStyleSixCollectionViewCell.swift */,
			);
			path = "STYLE SIX";
			sourceTree = "<group>";
		};
		EF83E48720138CEA007A36AE /* Paid Apps TVC */ = {
			isa = PBXGroup;
			children = (
				EF83E48820138D3B007A36AE /* PaidAppsTableVC.swift */,
				EF83E48A20138E9B007A36AE /* PaidAppsTableViewCell.swift */,
			);
			path = "Paid Apps TVC";
			sourceTree = "<group>";
		};
		EF83E48C2013A2B0007A36AE /* Free Apps TVC */ = {
			isa = PBXGroup;
			children = (
				EF83E48D2013A2EA007A36AE /* FreeAppsTableVC.swift */,
				EF83E48F2013A30D007A36AE /* FreeAppsTableViewCell.swift */,
			);
			path = "Free Apps TVC";
			sourceTree = "<group>";
		};
		EF83E4912014C58A007A36AE /* STYLE SEVEN */ = {
			isa = PBXGroup;
			children = (
				EF83E4922014C5C5007A36AE /* GameStyleSevenTableViewCell.swift */,
				EF35F80620163AAA00F77A06 /* GameStyleSevenInnerTableViewCell.swift */,
				EF35F80820163E3900F77A06 /* GameStyleSevenInnerTableViewCellTWO.swift */,
				EF35F80A201645F200F77A06 /* GameStyleSevenInnerTableViewCellTHREE.swift */,
			);
			path = "STYLE SEVEN";
			sourceTree = "<group>";
		};
		EFD33FAA20085BA600675C5E /* Fonts */ = {
			isa = PBXGroup;
			children = (
				EFD33FB020085BCB00675C5E /* SanFranciscoDisplay-Black.otf */,
				EFD33FBC20085BCC00675C5E /* SanFranciscoDisplay-Bold.otf */,
				EFD33FAE20085BCB00675C5E /* SanFranciscoDisplay-Heavy.otf */,
				EFD33FBD20085BCC00675C5E /* SanFranciscoDisplay-Light.otf */,
				EFD33FAD20085BCB00675C5E /* SanFranciscoDisplay-Medium.otf */,
				EFD33FB920085BCC00675C5E /* SanFranciscoDisplay-Regular.otf */,
				EFD33FBA20085BCC00675C5E /* SanFranciscoDisplay-Semibold.otf */,
				EFD33FB620085BCC00675C5E /* SanFranciscoDisplay-Thin.otf */,
				EFD33FB720085BCC00675C5E /* SanFranciscoDisplay-Ultralight.otf */,
				EFD33FBE20085BCD00675C5E /* SanFranciscoText-Bold.otf */,
				EFD33FB420085BCC00675C5E /* SanFranciscoText-BoldItalic.otf */,
				EFD33FB120085BCB00675C5E /* SanFranciscoText-Heavy.otf */,
				EFD33FB320085BCC00675C5E /* SanFranciscoText-HeavyItalic.otf */,
				EFD33FAF20085BCB00675C5E /* SanFranciscoText-Light.otf */,
				EFD33FBF20085BCD00675C5E /* SanFranciscoText-LightItalic.otf */,
				EFD33FB520085BCC00675C5E /* SanFranciscoText-Medium.otf */,
				EFD33FBB20085BCC00675C5E /* SanFranciscoText-MediumItalic.otf */,
				EFD33FAB20085BCB00675C5E /* SanFranciscoText-Regular.otf */,
				EFD33FB220085BCB00675C5E /* SanFranciscoText-RegularItalic.otf */,
				EFD33FAC20085BCB00675C5E /* SanFranciscoText-Semibold.otf */,
				EFD33FB820085BCC00675C5E /* SanFranciscoText-SemiboldItalic.otf */,
			);
			path = Fonts;
			sourceTree = "<group>";
		};
		EFD33FE12009158700675C5E /* List */ = {
			isa = PBXGroup;
			children = (
				EFD33FE2200915AA00675C5E /* ListTableView.swift */,
				EFD33FE4200915C200675C5E /* ListTableViewCell.swift */,
			);
			path = List;
			sourceTree = "<group>";
		};
		EFD33FE920093E4400675C5E /* EXTENSIONS */ = {
			isa = PBXGroup;
			children = (
				EFD33FEA20093E6800675C5E /* Extensions.swift */,
			);
			path = EXTENSIONS;
			sourceTree = "<group>";
		};
		EFD33FEC2009490200675C5E /* CUSTOM */ = {
			isa = PBXGroup;
			children = (
				EFD33FE920093E4400675C5E /* EXTENSIONS */,
				EFD33FED2009492B00675C5E /* ShadowView.swift */,
				EFD33FF72009784E00675C5E /* GetButton.swift */,
			);
			path = CUSTOM;
			sourceTree = "<group>";
		};
		EFD33FF9200A636D00675C5E /* NETWORK */ = {
			isa = PBXGroup;
			children = (
				EFD33FFA200A63A700675C5E /* NetworkProcessor.swift */,
				EFD33FFC200A662D00675C5E /* AppStoreServiceAPI.swift */,
			);
			path = NETWORK;
			sourceTree = "<group>";
		};
/* End PBXGroup section */

/* Begin PBXNativeTarget section */
		EF1523891FFF182000ADAD1F /* App Store */ = {
			isa = PBXNativeTarget;
			buildConfigurationList = EF15239C1FFF182000ADAD1F /* Build configuration list for PBXNativeTarget "App Store" */;
			buildPhases = (
				EF1523861FFF182000ADAD1F /* Sources */,
				EF1523871FFF182000ADAD1F /* Frameworks */,
				EF1523881FFF182000ADAD1F /* Resources */,
			);
			buildRules = (
			);
			dependencies = (
			);
			name = "App Store";
			productName = "App Store";
			productReference = EF15238A1FFF182000ADAD1F /* App Store.app */;
			productType = "com.apple.product-type.application";
		};
/* End PBXNativeTarget section */

/* Begin PBXProject section */
		EF1523821FFF182000ADAD1F /* Project object */ = {
			isa = PBXProject;
			attributes = {
				LastSwiftUpdateCheck = 0920;
				LastUpgradeCheck = 0920;
				ORGANIZATIONNAME = "Chidi Emeh";
				TargetAttributes = {
					EF1523891FFF182000ADAD1F = {
						CreatedOnToolsVersion = 9.2;
						LastSwiftMigration = 0920;
						ProvisioningStyle = Automatic;
					};
				};
			};
			buildConfigurationList = EF1523851FFF182000ADAD1F /* Build configuration list for PBXProject "App Store" */;
			compatibilityVersion = "Xcode 8.0";
			developmentRegion = en;
			hasScannedForEncodings = 0;
			knownRegions = (
				en,
				Base,
			);
			mainGroup = EF1523811FFF182000ADAD1F;
			productRefGroup = EF15238B1FFF182000ADAD1F /* Products */;
			projectDirPath = "";
			projectRoot = "";
			targets = (
				EF1523891FFF182000ADAD1F /* App Store */,
			);
		};
/* End PBXProject section */

/* Begin PBXResourcesBuildPhase section */
		EF1523881FFF182000ADAD1F /* Resources */ = {
			isa = PBXResourcesBuildPhase;
			buildActionMask = 2147483647;
			files = (
				EFD33FD120085BCD00675C5E /* SanFranciscoDisplay-Bold.otf in Resources */,
				EF1523B2200073D600ADAD1F /* Today.storyboard in Resources */,
				EFD33FD420085BCD00675C5E /* SanFranciscoText-LightItalic.otf in Resources */,
				EFD33FCA20085BCD00675C5E /* SanFranciscoText-Medium.otf in Resources */,
				EFD33F7F2008599C00675C5E /* SanFranciscoFont-master in Resources */,
				EF1523981FFF182000ADAD1F /* LaunchScreen.storyboard in Resources */,
				EFD33FCD20085BCD00675C5E /* SanFranciscoText-SemiboldItalic.otf in Resources */,
				EFD33FD020085BCD00675C5E /* SanFranciscoText-MediumItalic.otf in Resources */,
				EFD33FD220085BCD00675C5E /* SanFranciscoDisplay-Light.otf in Resources */,
				EF3D75472007CE2000DD7B86 /* DateHomeHeaderView.xib in Resources */,
				EFD33FC520085BCD00675C5E /* SanFranciscoDisplay-Black.otf in Resources */,
				EF168B152012393D0045BF60 /* UpdateHeaderView.xib in Resources */,
				EFD33FCB20085BCD00675C5E /* SanFranciscoDisplay-Thin.otf in Resources */,
				EF1523B4200074CE00ADAD1F /* Games.storyboard in Resources */,
				EFD33FC620085BCD00675C5E /* SanFranciscoText-Heavy.otf in Resources */,
				EFD33FC920085BCD00675C5E /* SanFranciscoText-BoldItalic.otf in Resources */,
				EFD33FCE20085BCD00675C5E /* SanFranciscoDisplay-Regular.otf in Resources */,
				EFD33FC420085BCD00675C5E /* SanFranciscoText-Light.otf in Resources */,
				EFD33FC820085BCD00675C5E /* SanFranciscoText-HeavyItalic.otf in Resources */,
				EFD33FD320085BCD00675C5E /* SanFranciscoText-Bold.otf in Resources */,
				EFD33FC020085BCD00675C5E /* SanFranciscoText-Regular.otf in Resources */,
				EFD33FCF20085BCD00675C5E /* SanFranciscoDisplay-Semibold.otf in Resources */,
				EF168AB5200DF17F0045BF60 /* GameHeaderView.xib in Resources */,
				EF1523951FFF182000ADAD1F /* Assets.xcassets in Resources */,
				EF168ACA200EA96F0045BF60 /* GameHeaderTitleOne.xib in Resources */,
				EF1523B92000756900ADAD1F /* Updates.storyboard in Resources */,
				EF1523B72000752700ADAD1F /* Apps.storyboard in Resources */,
				EFD33FC220085BCD00675C5E /* SanFranciscoDisplay-Medium.otf in Resources */,
				EF168B052011F0780045BF60 /* SearchHeaderView.xib in Resources */,
				EFD33FC320085BCD00675C5E /* SanFranciscoDisplay-Heavy.otf in Resources */,
				EF1523BC2000759500ADAD1F /* Search.storyboard in Resources */,
				EFD33FC720085BCD00675C5E /* SanFranciscoText-RegularItalic.otf in Resources */,
				EFD33FC120085BCD00675C5E /* SanFranciscoText-Semibold.otf in Resources */,
				EF168AA7200C64CF0045BF60 /* DateHeaderView.xib in Resources */,
				EF3D753D2007C27600DD7B86 /* data.json in Resources */,
				EFD33FCC20085BCD00675C5E /* SanFranciscoDisplay-Ultralight.otf in Resources */,
				EF1523931FFF182000ADAD1F /* Main.storyboard in Resources */,
			);
			runOnlyForDeploymentPostprocessing = 0;
		};
/* End PBXResourcesBuildPhase section */

/* Begin PBXSourcesBuildPhase section */
		EF1523861FFF182000ADAD1F /* Sources */ = {
			isa = PBXSourcesBuildPhase;
			buildActionMask = 2147483647;
			files = (
				EF3134A22018E88900E73D41 /* DetailOpenCells.swift in Sources */,
				EF168AE4201052A10045BF60 /* HeaderStyleTwoVC.swift in Sources */,
				EF1523A220006FE300ADAD1F /* TodayTableVC.swift in Sources */,
				EF3134AF2019464B00E73D41 /* PreviewCollectionViewCell.swift in Sources */,
				EF83E48E2013A2EA007A36AE /* FreeAppsTableVC.swift in Sources */,
				EF168B0D201205DF0045BF60 /* SearchStyleOneTableViewCell.swift in Sources */,
				EF83E486201250B5007A36AE /* GameStyleSixCollectionViewCell.swift in Sources */,
				EF168AC4200E76580045BF60 /* GameStyleTwoCollectionViewCell.swift in Sources */,
				EF168AD9200F67600045BF60 /* GameStyleFiveTableViewCell.swift in Sources */,
				EF3134A02018DD1A00E73D41 /* AppDetailOpenTableViewController.swift in Sources */,
				EF3D753A2007BFC000DD7B86 /* Apps.swift in Sources */,
				EF3D754E200836F300DD7B86 /* SytleTwoTableViewCell.swift in Sources */,
				EF83E4902013A30D007A36AE /* FreeAppsTableViewCell.swift in Sources */,
				EF83E48420124832007A36AE /* GameStyleSixTableViewCell.swift in Sources */,
				EF168AD1200EC7630045BF60 /* GameStyleThreeCollectionTableViewCell.swift in Sources */,
				EF35F80720163AAA00F77A06 /* GameStyleSevenInnerTableViewCell.swift in Sources */,
				EFD33FE3200915AA00675C5E /* ListTableView.swift in Sources */,
				EF83E48B20138E9B007A36AE /* PaidAppsTableViewCell.swift in Sources */,
				EF168AD4200EEB800045BF60 /* GameStyleFourTableViewCell.swift in Sources */,
				EF35F80920163E3900F77A06 /* GameStyleSevenInnerTableViewCellTWO.swift in Sources */,
				EF168B17201240320045BF60 /* UpdateTableViewCell.swift in Sources */,
				EFD33FEE2009492B00675C5E /* ShadowView.swift in Sources */,
				EF168ABF200E012F0045BF60 /* GameStyleTwoTableViewCell.swift in Sources */,
				EF3134AA2018FE0F00E73D41 /* WhatsNewTableViewCell.swift in Sources */,
				EF168AB0200CDBF50045BF60 /* GamesStyleOneCollectionViewCell.swift in Sources */,
				EF1523A62000706900ADAD1F /* GamesTabTableVC.swift in Sources */,
				EFD33FE5200915C200675C5E /* ListTableViewCell.swift in Sources */,
				EF168AE1200FA89D0045BF60 /* HeaderStyleOneTableViewCell.swift in Sources */,
				EF168AAD200CDB3E0045BF60 /* CollectionCells.swift in Sources */,
				EF168AB3200DF1340045BF60 /* GameHeaderView.swift in Sources */,
				EF1523AF2000711F00ADAD1F /* SearchTableVC.swift in Sources */,
				EF35F80B201645F200F77A06 /* GameStyleSevenInnerTableViewCellTHREE.swift in Sources */,
				EFD33FEB20093E6800675C5E /* Extensions.swift in Sources */,
				EF3D753F2007CAA600DD7B86 /* TodayTableViewCell.swift in Sources */,
				EF1523AC200070F800ADAD1F /* UpdatesTableVC.swift in Sources */,
				EF3134A52018E9BB00E73D41 /* TopTableViewCell.swift in Sources */,
				EF1523A9200070AE00ADAD1F /* AppsTabTableVC.swift in Sources */,
				EF3134AD2019410B00E73D41 /* PreviewTableViewCell.swift in Sources */,
				EF1523BE2001C57200ADAD1F /* App.swift in Sources */,
				EF168B1220120B060045BF60 /* SearchStyleThreeTableViewCell.swift in Sources */,
				EFD33FE0200912E000675C5E /* DailyListTableViewCell.swift in Sources */,
				EF168ADB200F71BE0045BF60 /* GameStyleFiveInnerTableViewCell.swift in Sources */,
				EF168AD6200EECCF0045BF60 /* GameStyleFourCollectionViewCell.swift in Sources */,
				EF83E4932014C5C5007A36AE /* GameStyleSevenTableViewCell.swift in Sources */,
				EF3D75442007CB3400DD7B86 /* Segues.swift in Sources */,
				EF15238E1FFF182000ADAD1F /* AppDelegate.swift in Sources */,
				EF3D75492007CE3400DD7B86 /* DateHomeHeaderView.swift in Sources */,
				EF168ADF200FA7950045BF60 /* HeaderSytleOneTableVC.swift in Sources */,
				EF168AAB200C78430045BF60 /* GameStyleOneTableViewCell.swift in Sources */,
				EF83E48920138D3B007A36AE /* PaidAppsTableVC.swift in Sources */,
				EF168B0F201209490045BF60 /* SearchStyleTwoTableViewCell.swift in Sources */,
				EF168AA9200C654F0045BF60 /* DateHeaderView.swift in Sources */,
				EFD33FFB200A63A700675C5E /* NetworkProcessor.swift in Sources */,
				EF3D75502008463600DD7B86 /* SytleThreeTableViewCell.swift in Sources */,
				EF168AC8200EA94C0045BF60 /* GameHeaderTitleOne.swift in Sources */,
				EF168ACF200EC5110045BF60 /* GameStyleThreeCollectionViewCell.swift in Sources */,
				EFD33FF82009784F00675C5E /* GetButton.swift in Sources */,
				EF168B092011F5490045BF60 /* SearchTableViewCell.swift in Sources */,
				EF3D75422007CAEA00DD7B86 /* Cells.swift in Sources */,
				EF168ACD200EC2C90045BF60 /* GameStyleThreeTableViewCell.swift in Sources */,
				EF168AC6200E7F450045BF60 /* GameStyleTwoCollectionTableViewCell.swift in Sources */,
				EF168B072011F08B0045BF60 /* SearchHeaderView.swift in Sources */,
				EFD33FFD200A662D00675C5E /* AppStoreServiceAPI.swift in Sources */,
				EFD33FD6200865CB00675C5E /* SytleFourTableViewCell.swift in Sources */,
			);
			runOnlyForDeploymentPostprocessing = 0;
		};
/* End PBXSourcesBuildPhase section */

/* Begin PBXVariantGroup section */
		EF1523911FFF182000ADAD1F /* Main.storyboard */ = {
			isa = PBXVariantGroup;
			children = (
				EF1523921FFF182000ADAD1F /* Base */,
			);
			name = Main.storyboard;
			sourceTree = "<group>";
		};
		EF1523961FFF182000ADAD1F /* LaunchScreen.storyboard */ = {
			isa = PBXVariantGroup;
			children = (
				EF1523971FFF182000ADAD1F /* Base */,
			);
			name = LaunchScreen.storyboard;
			sourceTree = "<group>";
		};
		EF1523B0200073D600ADAD1F /* Today.storyboard */ = {
			isa = PBXVariantGroup;
			children = (
				EF1523B1200073D600ADAD1F /* Base */,
			);
			name = Today.storyboard;
			sourceTree = "<group>";
		};
		EF1523B52000752700ADAD1F /* Apps.storyboard */ = {
			isa = PBXVariantGroup;
			children = (
				EF1523B62000752700ADAD1F /* Base */,
			);
			name = Apps.storyboard;
			sourceTree = "<group>";
		};
		EF1523BA2000759500ADAD1F /* Search.storyboard */ = {
			isa = PBXVariantGroup;
			children = (
				EF1523BB2000759500ADAD1F /* Base */,
			);
			name = Search.storyboard;
			sourceTree = "<group>";
		};
/* End PBXVariantGroup section */

/* Begin XCBuildConfiguration section */
		EF15239A1FFF182000ADAD1F /* Debug */ = {
			isa = XCBuildConfiguration;
			buildSettings = {
				ALWAYS_SEARCH_USER_PATHS = NO;
				CLANG_ANALYZER_NONNULL = YES;
				CLANG_ANALYZER_NUMBER_OBJECT_CONVERSION = YES_AGGRESSIVE;
				CLANG_CXX_LANGUAGE_STANDARD = "gnu++14";
				CLANG_CXX_LIBRARY = "libc++";
				CLANG_ENABLE_MODULES = YES;
				CLANG_ENABLE_OBJC_ARC = YES;
				CLANG_WARN_BLOCK_CAPTURE_AUTORELEASING = YES;
				CLANG_WARN_BOOL_CONVERSION = YES;
				CLANG_WARN_COMMA = YES;
				CLANG_WARN_CONSTANT_CONVERSION = YES;
				CLANG_WARN_DIRECT_OBJC_ISA_USAGE = YES_ERROR;
				CLANG_WARN_DOCUMENTATION_COMMENTS = YES;
				CLANG_WARN_EMPTY_BODY = YES;
				CLANG_WARN_ENUM_CONVERSION = YES;
				CLANG_WARN_INFINITE_RECURSION = YES;
				CLANG_WARN_INT_CONVERSION = YES;
				CLANG_WARN_NON_LITERAL_NULL_CONVERSION = YES;
				CLANG_WARN_OBJC_LITERAL_CONVERSION = YES;
				CLANG_WARN_OBJC_ROOT_CLASS = YES_ERROR;
				CLANG_WARN_RANGE_LOOP_ANALYSIS = YES;
				CLANG_WARN_STRICT_PROTOTYPES = YES;
				CLANG_WARN_SUSPICIOUS_MOVE = YES;
				CLANG_WARN_UNGUARDED_AVAILABILITY = YES_AGGRESSIVE;
				CLANG_WARN_UNREACHABLE_CODE = YES;
				CLANG_WARN__DUPLICATE_METHOD_MATCH = YES;
				CODE_SIGN_IDENTITY = "iPhone Developer";
				COPY_PHASE_STRIP = NO;
				DEBUG_INFORMATION_FORMAT = dwarf;
				ENABLE_STRICT_OBJC_MSGSEND = YES;
				ENABLE_TESTABILITY = YES;
				GCC_C_LANGUAGE_STANDARD = gnu11;
				GCC_DYNAMIC_NO_PIC = NO;
				GCC_NO_COMMON_BLOCKS = YES;
				GCC_OPTIMIZATION_LEVEL = 0;
				GCC_PREPROCESSOR_DEFINITIONS = (
					"DEBUG=1",
					"$(inherited)",
				);
				GCC_WARN_64_TO_32_BIT_CONVERSION = YES;
				GCC_WARN_ABOUT_RETURN_TYPE = YES_ERROR;
				GCC_WARN_UNDECLARED_SELECTOR = YES;
				GCC_WARN_UNINITIALIZED_AUTOS = YES_AGGRESSIVE;
				GCC_WARN_UNUSED_FUNCTION = YES;
				GCC_WARN_UNUSED_VARIABLE = YES;
				IPHONEOS_DEPLOYMENT_TARGET = 11.2;
				MTL_ENABLE_DEBUG_INFO = YES;
				ONLY_ACTIVE_ARCH = YES;
				SDKROOT = iphoneos;
				SWIFT_ACTIVE_COMPILATION_CONDITIONS = DEBUG;
				SWIFT_OPTIMIZATION_LEVEL = "-Onone";
			};
			name = Debug;
		};
		EF15239B1FFF182000ADAD1F /* Release */ = {
			isa = XCBuildConfiguration;
			buildSettings = {
				ALWAYS_SEARCH_USER_PATHS = NO;
				CLANG_ANALYZER_NONNULL = YES;
				CLANG_ANALYZER_NUMBER_OBJECT_CONVERSION = YES_AGGRESSIVE;
				CLANG_CXX_LANGUAGE_STANDARD = "gnu++14";
				CLANG_CXX_LIBRARY = "libc++";
				CLANG_ENABLE_MODULES = YES;
				CLANG_ENABLE_OBJC_ARC = YES;
				CLANG_WARN_BLOCK_CAPTURE_AUTORELEASING = YES;
				CLANG_WARN_BOOL_CONVERSION = YES;
				CLANG_WARN_COMMA = YES;
				CLANG_WARN_CONSTANT_CONVERSION = YES;
				CLANG_WARN_DIRECT_OBJC_ISA_USAGE = YES_ERROR;
				CLANG_WARN_DOCUMENTATION_COMMENTS = YES;
				CLANG_WARN_EMPTY_BODY = YES;
				CLANG_WARN_ENUM_CONVERSION = YES;
				CLANG_WARN_INFINITE_RECURSION = YES;
				CLANG_WARN_INT_CONVERSION = YES;
				CLANG_WARN_NON_LITERAL_NULL_CONVERSION = YES;
				CLANG_WARN_OBJC_LITERAL_CONVERSION = YES;
				CLANG_WARN_OBJC_ROOT_CLASS = YES_ERROR;
				CLANG_WARN_RANGE_LOOP_ANALYSIS = YES;
				CLANG_WARN_STRICT_PROTOTYPES = YES;
				CLANG_WARN_SUSPICIOUS_MOVE = YES;
				CLANG_WARN_UNGUARDED_AVAILABILITY = YES_AGGRESSIVE;
				CLANG_WARN_UNREACHABLE_CODE = YES;
				CLANG_WARN__DUPLICATE_METHOD_MATCH = YES;
				CODE_SIGN_IDENTITY = "iPhone Developer";
				COPY_PHASE_STRIP = NO;
				DEBUG_INFORMATION_FORMAT = "dwarf-with-dsym";
				ENABLE_NS_ASSERTIONS = NO;
				ENABLE_STRICT_OBJC_MSGSEND = YES;
				GCC_C_LANGUAGE_STANDARD = gnu11;
				GCC_NO_COMMON_BLOCKS = YES;
				GCC_WARN_64_TO_32_BIT_CONVERSION = YES;
				GCC_WARN_ABOUT_RETURN_TYPE = YES_ERROR;
				GCC_WARN_UNDECLARED_SELECTOR = YES;
				GCC_WARN_UNINITIALIZED_AUTOS = YES_AGGRESSIVE;
				GCC_WARN_UNUSED_FUNCTION = YES;
				GCC_WARN_UNUSED_VARIABLE = YES;
				IPHONEOS_DEPLOYMENT_TARGET = 11.2;
				MTL_ENABLE_DEBUG_INFO = NO;
				SDKROOT = iphoneos;
				SWIFT_OPTIMIZATION_LEVEL = "-Owholemodule";
				VALIDATE_PRODUCT = YES;
			};
			name = Release;
		};
		EF15239D1FFF182000ADAD1F /* Debug */ = {
			isa = XCBuildConfiguration;
			buildSettings = {
				ASSETCATALOG_COMPILER_APPICON_NAME = AppIcon;
				CLANG_ENABLE_MODULES = YES;
				CODE_SIGN_STYLE = Automatic;
				DEVELOPMENT_TEAM = 8V82X98L5Q;
				INFOPLIST_FILE = "App Store/Info.plist";
				IPHONEOS_DEPLOYMENT_TARGET = 11.1;
				LD_RUNPATH_SEARCH_PATHS = "$(inherited) @executable_path/Frameworks";
				PRODUCT_BUNDLE_IDENTIFIER = "com.gmail.chidiemeh184.App-Store";
				PRODUCT_NAME = "$(TARGET_NAME)";
				SWIFT_OPTIMIZATION_LEVEL = "-Onone";
				SWIFT_VERSION = 4.0;
				TARGETED_DEVICE_FAMILY = "1,2";
			};
			name = Debug;
		};
		EF15239E1FFF182000ADAD1F /* Release */ = {
			isa = XCBuildConfiguration;
			buildSettings = {
				ASSETCATALOG_COMPILER_APPICON_NAME = AppIcon;
				CLANG_ENABLE_MODULES = YES;
				CODE_SIGN_STYLE = Automatic;
				DEVELOPMENT_TEAM = 8V82X98L5Q;
				INFOPLIST_FILE = "App Store/Info.plist";
				IPHONEOS_DEPLOYMENT_TARGET = 11.1;
				LD_RUNPATH_SEARCH_PATHS = "$(inherited) @executable_path/Frameworks";
				PRODUCT_BUNDLE_IDENTIFIER = "com.gmail.chidiemeh184.App-Store";
				PRODUCT_NAME = "$(TARGET_NAME)";
				SWIFT_VERSION = 4.0;
				TARGETED_DEVICE_FAMILY = "1,2";
			};
			name = Release;
		};
/* End XCBuildConfiguration section */

/* Begin XCConfigurationList section */
		EF1523851FFF182000ADAD1F /* Build configuration list for PBXProject "App Store" */ = {
			isa = XCConfigurationList;
			buildConfigurations = (
				EF15239A1FFF182000ADAD1F /* Debug */,
				EF15239B1FFF182000ADAD1F /* Release */,
			);
			defaultConfigurationIsVisible = 0;
			defaultConfigurationName = Release;
		};
		EF15239C1FFF182000ADAD1F /* Build configuration list for PBXNativeTarget "App Store" */ = {
			isa = XCConfigurationList;
			buildConfigurations = (
				EF15239D1FFF182000ADAD1F /* Debug */,
				EF15239E1FFF182000ADAD1F /* Release */,
			);
			defaultConfigurationIsVisible = 0;
			defaultConfigurationName = Release;
		};
/* End XCConfigurationList section */
	};
	rootObject = EF1523821FFF182000ADAD1F /* Project object */;
}
